
Microsoft Visual Studio Solution File, Format Version 12.00
# Visual Studio Version 16
VisualStudioVersion = 16.0.33927.289
MinimumVisualStudioVersion = 10.0.40219.1
Project("{FAE04EC0-301F-11D3-BF4B-00C04F79EFBC}") = "ASSIGNMENT1", "ASSIGNMENT1\ASSIGNMENT1.csproj", "{F90DE7BD-A7B7-466D-866D-52A20466AE07}"
EndProject
Global
	GlobalSection(SolutionConfigurationPlatforms) = preSolution
		Debug|Any CPU = Debug|Any CPU
		Release|Any CPU = Release|Any CPU
	EndGlobalSection
	GlobalSection(ProjectConfigurationPlatforms) = postSolution
		{F90DE7BD-A7B7-466D-866D-52A20466AE07}.Debug|Any CPU.ActiveCfg = Debug|Any CPU
		{F90DE7BD-A7B7-466D-866D-52A20466AE07}.Debug|Any CPU.Build.0 = Debug|Any CPU
		{F90DE7BD-A7B7-466D-866D-52A20466AE07}.Release|Any CPU.ActiveCfg = Release|Any CPU
		{F90DE7BD-A7B7-466D-866D-52A20466AE07}.Release|Any CPU.Build.0 = Release|Any CPU
	EndGlobalSection
	GlobalSection(SolutionProperties) = preSolution
		HideSolutionNode = FALSE
	EndGlobalSection
	GlobalSection(ExtensibilityGlobals) = postSolution
		SolutionGuid = {CAA5F674-5A81-4AA0-BEFA-D1A61978DEBB}
	EndGlobalSection
EndGlobal
